PODS:
  - FBSnapshotTestCase (2.1.4):
    - FBSnapshotTestCase/SwiftSupport (= 2.1.4)
  - FBSnapshotTestCase/Core (2.1.4)
  - FBSnapshotTestCase/SwiftSupport (2.1.4):
    - FBSnapshotTestCase/Core
  - vlkit (0.1.2)

DEPENDENCIES:
  - FBSnapshotTestCase
  - vlkit (from `../`)

SPEC REPOS:
  trunk:
    - FBSnapshotTestCase

EXTERNAL SOURCES:
  vlkit:
    :path: "../"

SPEC CHECKSUMS:
  FBSnapshotTestCase: 094f9f314decbabe373b87cc339bea235a63e07a
  vlkit: abb4bb00e1dc585a898c6148b7cd3ff696d29340

PODFILE CHECKSUM: 9f424cbbbe82a00d77e2d1b9be337d98948820d5

COCOAPODS: 1.10.1
